
Microsoft Visual Studio Solution File, Format Version 12.00
# Visual Studio 15
VisualStudioVersion = 15.0.28307.960
MinimumVisualStudioVersion = 10.0.40219.1
Project("{FAE04EC0-301F-11D3-BF4B-00C04F79EFBC}") = "Hello World", "Hello World\Hello World.csproj", "{00ECCCB7-126F-4F25-994A-2078D8F933DC}"
EndProject
Global
	GlobalSection(SolutionConfigurationPlatforms) = preSolution
		Debug|Any CPU = Debug|Any CPU
		Release|Any CPU = Release|Any CPU
	EndGlobalSection
	GlobalSection(ProjectConfigurationPlatforms) = postSolution
		{00ECCCB7-126F-4F25-994A-2078D8F933DC}.Debug|Any CPU.ActiveCfg = Debug|Any CPU
		{00ECCCB7-126F-4F25-994A-2078D8F933DC}.Debug|Any CPU.Build.0 = Debug|Any CPU
		{00ECCCB7-126F-4F25-994A-2078D8F933DC}.Release|Any CPU.ActiveCfg = Release|Any CPU
		{00ECCCB7-126F-4F25-994A-2078D8F933DC}.Release|Any CPU.Build.0 = Release|Any CPU
	EndGlobalSection
	GlobalSection(SolutionProperties) = preSolution
		HideSolutionNode = FALSE
	EndGlobalSection
	GlobalSection(ExtensibilityGlobals) = postSolution
		SolutionGuid = {4096C70A-18E8-4D32-BFAF-7535E9127270}
	EndGlobalSection
EndGlobal
